
Microsoft Visual Studio Solution File, Format Version 12.00
# Visual Studio 15
VisualStudioVersion = 15.0.28010.2046
MinimumVisualStudioVersion = 10.0.40219.1
Project("{FAE04EC0-301F-11D3-BF4B-00C04F79EFBC}") = "HRM.ERP", "HRM.ERP\HRM.ERP.csproj", "{B611F8D3-2623-4C9C-A7F6-8AB38073CE9A}"
EndProject
Global
	GlobalSection(SolutionConfigurationPlatforms) = preSolution
		Debug|Any CPU = Debug|Any CPU
		Release|Any CPU = Release|Any CPU
	EndGlobalSection
	GlobalSection(ProjectConfigurationPlatforms) = postSolution
		{B611F8D3-2623-4C9C-A7F6-8AB38073CE9A}.Debug|Any CPU.ActiveCfg = Debug|Any CPU
		{B611F8D3-2623-4C9C-A7F6-8AB38073CE9A}.Debug|Any CPU.Build.0 = Debug|Any CPU
		{B611F8D3-2623-4C9C-A7F6-8AB38073CE9A}.Release|Any CPU.ActiveCfg = Release|Any CPU
		{B611F8D3-2623-4C9C-A7F6-8AB38073CE9A}.Release|Any CPU.Build.0 = Release|Any CPU
	EndGlobalSection
	GlobalSection(SolutionProperties) = preSolution
		HideSolutionNode = FALSE
	EndGlobalSection
	GlobalSection(ExtensibilityGlobals) = postSolution
		SolutionGuid = {59FB110D-CB88-408F-BD09-52121672FA96}
	EndGlobalSection
EndGlobal
